
Microsoft Visual Studio Solution File, Format Version 12.00
# Visual Studio Version 17
VisualStudioVersion = 17.8.34330.188
MinimumVisualStudioVersion = 10.0.40219.1
Project("{FAE04EC0-301F-11D3-BF4B-00C04F79EFBC}") = "linq", "linq\linq.csproj", "{C764498F-AEC7-45F1-9C70-83A80B948822}"
EndProject
Global
	GlobalSection(SolutionConfigurationPlatforms) = preSolution
		Debug|Any CPU = Debug|Any CPU
		Release|Any CPU = Release|Any CPU
	EndGlobalSection
	GlobalSection(ProjectConfigurationPlatforms) = postSolution
		{C764498F-AEC7-45F1-9C70-83A80B948822}.Debug|Any CPU.ActiveCfg = Debug|Any CPU
		{C764498F-AEC7-45F1-9C70-83A80B948822}.Debug|Any CPU.Build.0 = Debug|Any CPU
		{C764498F-AEC7-45F1-9C70-83A80B948822}.Release|Any CPU.ActiveCfg = Release|Any CPU
		{C764498F-AEC7-45F1-9C70-83A80B948822}.Release|Any CPU.Build.0 = Release|Any CPU
	EndGlobalSection
	GlobalSection(SolutionProperties) = preSolution
		HideSolutionNode = FALSE
	EndGlobalSection
	GlobalSection(ExtensibilityGlobals) = postSolution
		SolutionGuid = {8366EAF2-64EE-40EC-9C92-FB929D26A052}
	EndGlobalSection
EndGlobal
